// !$*UTF8*$!
{
	archiveVersion = 1;
	classes = {
	};
	objectVersion = 50;
	objects = {

/* Begin PBXBuildFile section */
		BD3626052469611A008A7CBC /* DeathYear.swift in Sources */ = {isa = PBXBuildFile; fileRef = BD3626042469611A008A7CBC /* DeathYear.swift */; };
		BD48186D2461CA8A00C08963 /* AppDelegate.swift in Sources */ = {isa = PBXBuildFile; fileRef = BD48186C2461CA8A00C08963 /* AppDelegate.swift */; };
		BD48186F2461CA8A00C08963 /* SceneDelegate.swift in Sources */ = {isa = PBXBuildFile; fileRef = BD48186E2461CA8A00C08963 /* SceneDelegate.swift */; };
		BD4818712461CA8A00C08963 /* ViewControllerCalculate.swift in Sources */ = {isa = PBXBuildFile; fileRef = BD4818702461CA8A00C08963 /* ViewControllerCalculate.swift */; };
		BD4818742461CA8A00C08963 /* Main.storyboard in Resources */ = {isa = PBXBuildFile; fileRef = BD4818722461CA8A00C08963 /* Main.storyboard */; };
		BD4818762461CA9700C08963 /* Assets.xcassets in Resources */ = {isa = PBXBuildFile; fileRef = BD4818752461CA9700C08963 /* Assets.xcassets */; };
		BD4818792461CA9700C08963 /* LaunchScreen.storyboard in Resources */ = {isa = PBXBuildFile; fileRef = BD4818772461CA9700C08963 /* LaunchScreen.storyboard */; };
		BDA1731E2462186900A05B32 /* ViewControllerResult.swift in Sources */ = {isa = PBXBuildFile; fileRef = BDA1731D2462186900A05B32 /* ViewControllerResult.swift */; };
		BDFCDDDA2462F374007B60FE /* DeathCalculator.swift in Sources */ = {isa = PBXBuildFile; fileRef = BDFCDDD92462F374007B60FE /* DeathCalculator.swift */; };
/* End PBXBuildFile section */

/* Begin PBXFileReference section */
		BD3626042469611A008A7CBC /* DeathYear.swift */ = {isa = PBXFileReference; lastKnownFileType = sourcecode.swift; path = DeathYear.swift; sourceTree = "<group>"; };
		BD4818692461CA8A00C08963 /* Death calculator.app */ = {isa = PBXFileReference; explicitFileType = wrapper.application; includeInIndex = 0; path = "Death calculator.app"; sourceTree = BUILT_PRODUCTS_DIR; };
		BD48186C2461CA8A00C08963 /* AppDelegate.swift */ = {isa = PBXFileReference; lastKnownFileType = sourcecode.swift; path = AppDelegate.swift; sourceTree = "<group>"; };
		BD48186E2461CA8A00C08963 /* SceneDelegate.swift */ = {isa = PBXFileReference; lastKnownFileType = sourcecode.swift; path = SceneDelegate.swift; sourceTree = "<group>"; };
		BD4818702461CA8A00C08963 /* ViewControllerCalculate.swift */ = {isa = PBXFileReference; lastKnownFileType = sourcecode.swift; path = ViewControllerCalculate.swift; sourceTree = "<group>"; };
		BD4818732461CA8A00C08963 /* Base */ = {isa = PBXFileReference; lastKnownFileType = file.storyboard; name = Base; path = Base.lproj/Main.storyboard; sourceTree = "<group>"; };
		BD4818752461CA9700C08963 /* Assets.xcassets */ = {isa = PBXFileReference; lastKnownFileType = folder.assetcatalog; path = Assets.xcassets; sourceTree = "<group>"; };
		BD4818782461CA9700C08963 /* Base */ = {isa = PBXFileReference; lastKnownFileType = file.storyboard; name = Base; path = Base.lproj/LaunchScreen.storyboard; sourceTree = "<group>"; };
		BD48187A2461CA9700C08963 /* Info.plist */ = {isa = PBXFileReference; lastKnownFileType = text.plist.xml; path = Info.plist; sourceTree = "<group>"; };
		BDA1731D2462186900A05B32 /* ViewControllerResult.swift */ = {isa = PBXFileReference; lastKnownFileType = sourcecode.swift; path = ViewControllerResult.swift; sourceTree = "<group>"; };
		BDFCDDD92462F374007B60FE /* DeathCalculator.swift */ = {isa = PBXFileReference; lastKnownFileType = sourcecode.swift; path = DeathCalculator.swift; sourceTree = "<group>"; };
/* End PBXFileReference section */

/* Begin PBXFrameworksBuildPhase section */
		BD4818662461CA8A00C08963 /* Frameworks */ = {
			isa = PBXFrameworksBuildPhase;
			buildActionMask = 2147483647;
			files = (
			);
			runOnlyForDeploymentPostprocessing = 0;
		};
/* End PBXFrameworksBuildPhase section */

/* Begin PBXGroup section */
		BD4818602461CA8A00C08963 = {
			isa = PBXGroup;
			children = (
				BD48186B2461CA8A00C08963 /* Death calculator */,
				BD48186A2461CA8A00C08963 /* Products */,
			);
			sourceTree = "<group>";
		};
		BD48186A2461CA8A00C08963 /* Products */ = {
			isa = PBXGroup;
			children = (
				BD4818692461CA8A00C08963 /* Death calculator.app */,
			);
			name = Products;
			sourceTree = "<group>";
		};
		BD48186B2461CA8A00C08963 /* Death calculator */ = {
			isa = PBXGroup;
			children = (
				BD48186C2461CA8A00C08963 /* AppDelegate.swift */,
				BD48186E2461CA8A00C08963 /* SceneDelegate.swift */,
				BD4818822461D45600C08963 /* Model */,
				BD4818802461D41400C08963 /* View */,
				BD4818812461D43800C08963 /* Controller */,
				BD4818752461CA9700C08963 /* Assets.xcassets */,
				BD4818772461CA9700C08963 /* LaunchScreen.storyboard */,
				BD48187A2461CA9700C08963 /* Info.plist */,
			);
			path = "Death calculator";
			sourceTree = "<group>";
		};
		BD4818802461D41400C08963 /* View */ = {
			isa = PBXGroup;
			children = (
				BD4818722461CA8A00C08963 /* Main.storyboard */,
			);
			path = View;
			sourceTree = "<group>";
		};
		BD4818812461D43800C08963 /* Controller */ = {
			isa = PBXGroup;
			children = (
				BD4818702461CA8A00C08963 /* ViewControllerCalculate.swift */,
				BDA1731D2462186900A05B32 /* ViewControllerResult.swift */,
			);
			path = Controller;
			sourceTree = "<group>";
		};
		BD4818822461D45600C08963 /* Model */ = {
			isa = PBXGroup;
			children = (
				BDFCDDD92462F374007B60FE /* DeathCalculator.swift */,
				BD3626042469611A008A7CBC /* DeathYear.swift */,
			);
			path = Model;
			sourceTree = "<group>";
		};
/* End PBXGroup section */

/* Begin PBXNativeTarget section */
		BD4818682461CA8A00C08963 /* Death calculator */ = {
			isa = PBXNativeTarget;
			buildConfigurationList = BD48187D2461CA9700C08963 /* Build configuration list for PBXNativeTarget "Death calculator" */;
			buildPhases = (
				BD4818652461CA8A00C08963 /* Sources */,
				BD4818662461CA8A00C08963 /* Frameworks */,
				BD4818672461CA8A00C08963 /* Resources */,
			);
			buildRules = (
			);
			dependencies = (
			);
			name = "Death calculator";
			productName = "Death calculator";
			productReference = BD4818692461CA8A00C08963 /* Death calculator.app */;
			productType = "com.apple.product-type.application";
		};
/* End PBXNativeTarget section */

/* Begin PBXProject section */
		BD4818612461CA8A00C08963 /* Project object */ = {
			isa = PBXProject;
			attributes = {
				LastSwiftUpdateCheck = 1140;
				LastUpgradeCheck = 1140;
				ORGANIZATIONNAME = broflowski;
				TargetAttributes = {
					BD4818682461CA8A00C08963 = {
						CreatedOnToolsVersion = 11.4.1;
					};
				};
			};
			buildConfigurationList = BD4818642461CA8A00C08963 /* Build configuration list for PBXProject "Death calculator" */;
			compatibilityVersion = "Xcode 9.3";
			developmentRegion = en;
			hasScannedForEncodings = 0;
			knownRegions = (
				en,
				Base,
			);
			mainGroup = BD4818602461CA8A00C08963;
			productRefGroup = BD48186A2461CA8A00C08963 /* Products */;
			projectDirPath = "";
			projectRoot = "";
			targets = (
				BD4818682461CA8A00C08963 /* Death calculator */,
			);
		};
/* End PBXProject section */

/* Begin PBXResourcesBuildPhase section */
		BD4818672461CA8A00C08963 /* Resources */ = {
			isa = PBXResourcesBuildPhase;
			buildActionMask = 2147483647;
			files = (
				BD4818792461CA9700C08963 /* LaunchScreen.storyboard in Resources */,
				BD4818762461CA9700C08963 /* Assets.xcassets in Resources */,
				BD4818742461CA8A00C08963 /* Main.storyboard in Resources */,
			);
			runOnlyForDeploymentPostprocessing = 0;
		};
/* End PBXResourcesBuildPhase section */

/* Begin PBXSourcesBuildPhase section */
		BD4818652461CA8A00C08963 /* Sources */ = {
			isa = PBXSourcesBuildPhase;
			buildActionMask = 2147483647;
			files = (
				BDA1731E2462186900A05B32 /* ViewControllerResult.swift in Sources */,
				BD4818712461CA8A00C08963 /* ViewControllerCalculate.swift in Sources */,
				BD48186D2461CA8A00C08963 /* AppDelegate.swift in Sources */,
				BD48186F2461CA8A00C08963 /* SceneDelegate.swift in Sources */,
				BDFCDDDA2462F374007B60FE /* DeathCalculator.swift in Sources */,
				BD3626052469611A008A7CBC /* DeathYear.swift in Sources */,
			);
			runOnlyForDeploymentPostprocessing = 0;
		};
/* End PBXSourcesBuildPhase section */

/* Begin PBXVariantGroup section */
		BD4818722461CA8A00C08963 /* Main.storyboard */ = {
			isa = PBXVariantGroup;
			children = (
				BD4818732461CA8A00C08963 /* Base */,
			);
			name = Main.storyboard;
			sourceTree = "<group>";
		};
		BD4818772461CA9700C08963 /* LaunchScreen.storyboard */ = {
			isa = PBXVariantGroup;
			children = (
				BD4818782461CA9700C08963 /* Base */,
			);
			name = LaunchScreen.storyboard;
			sourceTree = "<group>";
		};
/* End PBXVariantGroup section */

/* Begin XCBuildConfiguration section */
		BD48187B2461CA9700C08963 /* Debug */ = {
			isa = XCBuildConfiguration;
			buildSettings = {
				ALWAYS_SEARCH_USER_PATHS = NO;
				CLANG_ANALYZER_NONNULL = YES;
				CLANG_ANALYZER_NUMBER_OBJECT_CONVERSION = YES_AGGRESSIVE;
				CLANG_CXX_LANGUAGE_STANDARD = "gnu++14";
				CLANG_CXX_LIBRARY = "libc++";
				CLANG_ENABLE_MODULES = YES;
				CLANG_ENABLE_OBJC_ARC = YES;
				CLANG_ENABLE_OBJC_WEAK = YES;
				CLANG_WARN_BLOCK_CAPTURE_AUTORELEASING = YES;
				CLANG_WARN_BOOL_CONVERSION = YES;
				CLANG_WARN_COMMA = YES;
				CLANG_WARN_CONSTANT_CONVERSION = YES;
				CLANG_WARN_DEPRECATED_OBJC_IMPLEMENTATIONS = YES;
				CLANG_WARN_DIRECT_OBJC_ISA_USAGE = YES_ERROR;
				CLANG_WARN_DOCUMENTATION_COMMENTS = YES;
				CLANG_WARN_EMPTY_BODY = YES;
				CLANG_WARN_ENUM_CONVERSION = YES;
				CLANG_WARN_INFINITE_RECURSION = YES;
				CLANG_WARN_INT_CONVERSION = YES;
				CLANG_WARN_NON_LITERAL_NULL_CONVERSION = YES;
				CLANG_WARN_OBJC_IMPLICIT_RETAIN_SELF = YES;
				CLANG_WARN_OBJC_LITERAL_CONVERSION = YES;
				CLANG_WARN_OBJC_ROOT_CLASS = YES_ERROR;
				CLANG_WARN_RANGE_LOOP_ANALYSIS = YES;
				CLANG_WARN_STRICT_PROTOTYPES = YES;
				CLANG_WARN_SUSPICIOUS_MOVE = YES;
				CLANG_WARN_UNGUARDED_AVAILABILITY = YES_AGGRESSIVE;
				CLANG_WARN_UNREACHABLE_CODE = YES;
				CLANG_WARN__DUPLICATE_METHOD_MATCH = YES;
				COPY_PHASE_STRIP = NO;
				DEBUG_INFORMATION_FORMAT = dwarf;
				ENABLE_STRICT_OBJC_MSGSEND = YES;
				ENABLE_TESTABILITY = YES;
				GCC_C_LANGUAGE_STANDARD = gnu11;
				GCC_DYNAMIC_NO_PIC = NO;
				GCC_NO_COMMON_BLOCKS = YES;
				GCC_OPTIMIZATION_LEVEL = 0;
				GCC_PREPROCESSOR_DEFINITIONS = (
					"DEBUG=1",
					"$(inherited)",
				);
				GCC_WARN_64_TO_32_BIT_CONVERSION = YES;
				GCC_WARN_ABOUT_RETURN_TYPE = YES_ERROR;
				GCC_WARN_UNDECLARED_SELECTOR = YES;
				GCC_WARN_UNINITIALIZED_AUTOS = YES_AGGRESSIVE;
				GCC_WARN_UNUSED_FUNCTION = YES;
				GCC_WARN_UNUSED_VARIABLE = YES;
				IPHONEOS_DEPLOYMENT_TARGET = 13.4;
				MTL_ENABLE_DEBUG_INFO = INCLUDE_SOURCE;
				MTL_FAST_MATH = YES;
				ONLY_ACTIVE_ARCH = YES;
				SDKROOT = iphoneos;
				SWIFT_ACTIVE_COMPILATION_CONDITIONS = DEBUG;
				SWIFT_OPTIMIZATION_LEVEL = "-Onone";
			};
			name = Debug;
		};
		BD48187C2461CA9700C08963 /* Release */ = {
			isa = XCBuildConfiguration;
			buildSettings = {
				ALWAYS_SEARCH_USER_PATHS = NO;
				CLANG_ANALYZER_NONNULL = YES;
				CLANG_ANALYZER_NUMBER_OBJECT_CONVERSION = YES_AGGRESSIVE;
				CLANG_CXX_LANGUAGE_STANDARD = "gnu++14";
				CLANG_CXX_LIBRARY = "libc++";
				CLANG_ENABLE_MODULES = YES;
				CLANG_ENABLE_OBJC_ARC = YES;
				CLANG_ENABLE_OBJC_WEAK = YES;
				CLANG_WARN_BLOCK_CAPTURE_AUTORELEASING = YES;
				CLANG_WARN_BOOL_CONVERSION = YES;
				CLANG_WARN_COMMA = YES;
				CLANG_WARN_CONSTANT_CONVERSION = YES;
				CLANG_WARN_DEPRECATED_OBJC_IMPLEMENTATIONS = YES;
				CLANG_WARN_DIRECT_OBJC_ISA_USAGE = YES_ERROR;
				CLANG_WARN_DOCUMENTATION_COMMENTS = YES;
				CLANG_WARN_EMPTY_BODY = YES;
				CLANG_WARN_ENUM_CONVERSION = YES;
				CLANG_WARN_INFINITE_RECURSION = YES;
				CLANG_WARN_INT_CONVERSION = YES;
				CLANG_WARN_NON_LITERAL_NULL_CONVERSION = YES;
				CLANG_WARN_OBJC_IMPLICIT_RETAIN_SELF = YES;
				CLANG_WARN_OBJC_LITERAL_CONVERSION = YES;
				CLANG_WARN_OBJC_ROOT_CLASS = YES_ERROR;
				CLANG_WARN_RANGE_LOOP_ANALYSIS = YES;
				CLANG_WARN_STRICT_PROTOTYPES = YES;
				CLANG_WARN_SUSPICIOUS_MOVE = YES;
				CLANG_WARN_UNGUARDED_AVAILABILITY = YES_AGGRESSIVE;
				CLANG_WARN_UNREACHABLE_CODE = YES;
				CLANG_WARN__DUPLICATE_METHOD_MATCH = YES;
				COPY_PHASE_STRIP = NO;
				DEBUG_INFORMATION_FORMAT = "dwarf-with-dsym";
				ENABLE_NS_ASSERTIONS = NO;
				ENABLE_STRICT_OBJC_MSGSEND = YES;
				GCC_C_LANGUAGE_STANDARD = gnu11;
				GCC_NO_COMMON_BLOCKS = YES;
				GCC_WARN_64_TO_32_BIT_CONVERSION = YES;
				GCC_WARN_ABOUT_RETURN_TYPE = YES_ERROR;
				GCC_WARN_UNDECLARED_SELECTOR = YES;
				GCC_WARN_UNINITIALIZED_AUTOS = YES_AGGRESSIVE;
				GCC_WARN_UNUSED_FUNCTION = YES;
				GCC_WARN_UNUSED_VARIABLE = YES;
				IPHONEOS_DEPLOYMENT_TARGET = 13.4;
				MTL_ENABLE_DEBUG_INFO = NO;
				MTL_FAST_MATH = YES;
				SDKROOT = iphoneos;
				SWIFT_COMPILATION_MODE = wholemodule;
				SWIFT_OPTIMIZATION_LEVEL = "-O";
				VALIDATE_PRODUCT = YES;
			};
			name = Release;
		};
		BD48187E2461CA9700C08963 /* Debug */ = {
			isa = XCBuildConfiguration;
			buildSettings = {
				ASSETCATALOG_COMPILER_APPICON_NAME = AppIcon;
				CODE_SIGN_STYLE = Automatic;
				DEVELOPMENT_TEAM = 8876S335LK;
				INFOPLIST_FILE = "Death calculator/Info.plist";
				LD_RUNPATH_SEARCH_PATHS = (
					"$(inherited)",
					"@executable_path/Frameworks",
				);
				PRODUCT_BUNDLE_IDENTIFIER = "broflowskitech.Death-calculator";
				PRODUCT_NAME = "$(TARGET_NAME)";
				SWIFT_VERSION = 5.0;
				TARGETED_DEVICE_FAMILY = "1,2";
			};
			name = Debug;
		};
		BD48187F2461CA9700C08963 /* Release */ = {
			isa = XCBuildConfiguration;
			buildSettings = {
				ASSETCATALOG_COMPILER_APPICON_NAME = AppIcon;
				CODE_SIGN_STYLE = Automatic;
				DEVELOPMENT_TEAM = 8876S335LK;
				INFOPLIST_FILE = "Death calculator/Info.plist";
				LD_RUNPATH_SEARCH_PATHS = (
					"$(inherited)",
					"@executable_path/Frameworks",
				);
				PRODUCT_BUNDLE_IDENTIFIER = "broflowskitech.Death-calculator";
				PRODUCT_NAME = "$(TARGET_NAME)";
				SWIFT_VERSION = 5.0;
				TARGETED_DEVICE_FAMILY = "1,2";
			};
			name = Release;
		};
/* End XCBuildConfiguration section */

/* Begin XCConfigurationList section */
		BD4818642461CA8A00C08963 /* Build configuration list for PBXProject "Death calculator" */ = {
			isa = XCConfigurationList;
			buildConfigurations = (
				BD48187B2461CA9700C08963 /* Debug */,
				BD48187C2461CA9700C08963 /* Release */,
			);
			defaultConfigurationIsVisible = 0;
			defaultConfigurationName = Release;
		};
		BD48187D2461CA9700C08963 /* Build configuration list for PBXNativeTarget "Death calculator" */ = {
			isa = XCConfigurationList;
			buildConfigurations = (
				BD48187E2461CA9700C08963 /* Debug */,
				BD48187F2461CA9700C08963 /* Release */,
			);
			defaultConfigurationIsVisible = 0;
			defaultConfigurationName = Release;
		};
/* End XCConfigurationList section */
	};
	rootObject = BD4818612461CA8A00C08963 /* Project object */;
}
